
Microsoft Visual Studio Solution File, Format Version 12.00
# Visual Studio Version 17
VisualStudioVersion = 17.7.34024.191
MinimumVisualStudioVersion = 10.0.40219.1
Project("{8BC9CEB8-8B4A-11D0-8D11-00A0C91BC942}") = "fanta", "fanta\fanta.vcxproj", "{A5B2164B-3A06-4021-BACD-EE6B131761B7}"
EndProject
Global
	GlobalSection(SolutionConfigurationPlatforms) = preSolution
		Debug|x64 = Debug|x64
		Debug|x86 = Debug|x86
		Release|x64 = Release|x64
		Release|x86 = Release|x86
	EndGlobalSection
	GlobalSection(ProjectConfigurationPlatforms) = postSolution
		{A5B2164B-3A06-4021-BACD-EE6B131761B7}.Debug|x64.ActiveCfg = Debug|x64
		{A5B2164B-3A06-4021-BACD-EE6B131761B7}.Debug|x64.Build.0 = Debug|x64
		{A5B2164B-3A06-4021-BACD-EE6B131761B7}.Debug|x86.ActiveCfg = Debug|Win32
		{A5B2164B-3A06-4021-BACD-EE6B131761B7}.Debug|x86.Build.0 = Debug|Win32
		{A5B2164B-3A06-4021-BACD-EE6B131761B7}.Release|x64.ActiveCfg = Release|x64
		{A5B2164B-3A06-4021-BACD-EE6B131761B7}.Release|x64.Build.0 = Release|x64
		{A5B2164B-3A06-4021-BACD-EE6B131761B7}.Release|x86.ActiveCfg = Release|Win32
		{A5B2164B-3A06-4021-BACD-EE6B131761B7}.Release|x86.Build.0 = Release|Win32
	EndGlobalSection
	GlobalSection(SolutionProperties) = preSolution
		HideSolutionNode = FALSE
	EndGlobalSection
	GlobalSection(ExtensibilityGlobals) = postSolution
		SolutionGuid = {FFB1C7CC-8B2F-44E8-AA11-0058B07BDB2C}
	EndGlobalSection
EndGlobal
