<?xml version="1.0" encoding="utf-8"?>
<Project ToolsVersion="4.0" xmlns="http://schemas.microsoft.com/developer/msbuild/2003">
  <ItemGroup>
    <Filter Include="Source Files">
      <UniqueIdentifier>{4FC737F1-C7A5-4376-A066-2A32D752A2FF}</UniqueIdentifier>
      <Extensions>cpp;c;cc;cxx;c++;cppm;ixx;def;odl;idl;hpj;bat;asm;asmx</Extensions>
    </Filter>
    <Filter Include="Header Files">
      <UniqueIdentifier>{93995380-89BD-4b04-88EB-625FBE52EBFB}</UniqueIdentifier>
      <Extensions>h;hh;hpp;hxx;h++;hm;inl;inc;ipp;xsd</Extensions>
    </Filter>
    <Filter Include="Resource Files">
      <UniqueIdentifier>{67DA6AB6-F800-4c08-8B7A-83BB121AAD01}</UniqueIdentifier>
      <Extensions>rc;ico;cur;bmp;dlg;rc2;rct;bin;rgs;gif;jpg;jpeg;jpe;resx;tiff;tif;png;wav;mfcribbon-ms</Extensions>
    </Filter>
  </ItemGroup>
  <ItemGroup>
    <None Include="includes\minhook\dll_resources\MinHook.def">
      <Filter>Source Files</Filter>
    </None>
  </ItemGroup>
  <ItemGroup>
    <ResourceCompile Include="includes\minhook\dll_resources\MinHook.rc">
      <Filter>Resource Files</Filter>
    </ResourceCompile>
  </ItemGroup>
  <ItemGroup>
    <ClInclude Include="includes\minhook\include\MinHook.h">
      <Filter>Header Files</Filter>
    </ClInclude>
    <ClInclude Include="includes\minhook\src\hde\hde32.h">
      <Filter>Header Files</Filter>
    </ClInclude>
    <ClInclude Include="includes\minhook\src\hde\hde64.h">
      <Filter>Header Files</Filter>
    </ClInclude>
    <ClInclude Include="includes\minhook\src\hde\pstdint.h">
      <Filter>Header Files</Filter>
    </ClInclude>
    <ClInclude Include="includes\minhook\src\hde\table32.h">
      <Filter>Header Files</Filter>
    </ClInclude>
    <ClInclude Include="includes\minhook\src\hde\table64.h">
      <Filter>Header Files</Filter>
    </ClInclude>
    <ClInclude Include="includes\minhook\src\buffer.h">
      <Filter>Header Files</Filter>
    </ClInclude>
    <ClInclude Include="includes\minhook\src\trampoline.h">
      <Filter>Header Files</Filter>
    </ClInclude>
    <ClInclude Include="includes\spoofer\spoofer.hpp">
      <Filter>Header Files</Filter>
    </ClInclude>
    <ClInclude Include="source\utils\memory\memory.h">
      <Filter>Header Files</Filter>
    </ClInclude>
    <ClInclude Include="source\utils\memory\winapi.h">
      <Filter>Header Files</Filter>
    </ClInclude>
    <ClInclude Include="source\core\core.h">
      <Filter>Header Files</Filter>
    </ClInclude>
    <ClInclude Include="source\hooking\hooking.h">
      <Filter>Header Files</Filter>
    </ClInclude>
    <ClInclude Include="source\utils\utils.h">
      <Filter>Header Files</Filter>
    </ClInclude>
    <ClInclude Include="source\utils\capture\capture.h">
      <Filter>Header Files</Filter>
    </ClInclude>
    <ClInclude Include="source\utils\vfunc\vfunc.h">
      <Filter>Header Files</Filter>
    </ClInclude>
    <ClInclude Include="source\utils\scanner\scanner.h">
      <Filter>Header Files</Filter>
    </ClInclude>
    <ClInclude Include="source\utils\netvars\netvars.h">
      <Filter>Header Files</Filter>
    </ClInclude>
    <ClInclude Include="source\utils\offsets\offsets.h">
      <Filter>Header Files</Filter>
    </ClInclude>
    <ClInclude Include="source\sdk\hl2_src\surface\surface.h">
      <Filter>Header Files</Filter>
    </ClInclude>
    <ClInclude Include="source\sdk\steam_src\isteamapplist.h">
      <Filter>Header Files</Filter>
    </ClInclude>
    <ClInclude Include="source\sdk\steam_src\isteamapps.h">
      <Filter>Header Files</Filter>
    </ClInclude>
    <ClInclude Include="source\sdk\steam_src\isteamappticket.h">
      <Filter>Header Files</Filter>
    </ClInclude>
    <ClInclude Include="source\sdk\steam_src\isteamclient.h">
      <Filter>Header Files</Filter>
    </ClInclude>
    <ClInclude Include="source\sdk\steam_src\isteamcontroller.h">
      <Filter>Header Files</Filter>
    </ClInclude>
    <ClInclude Include="source\sdk\steam_src\isteamdualsense.h">
      <Filter>Header Files</Filter>
    </ClInclude>
    <ClInclude Include="source\sdk\steam_src\isteamfriends.h">
      <Filter>Header Files</Filter>
    </ClInclude>
    <ClInclude Include="source\sdk\steam_src\isteamgamecoordinator.h">
      <Filter>Header Files</Filter>
    </ClInclude>
    <ClInclude Include="source\sdk\steam_src\isteamgameserver.h">
      <Filter>Header Files</Filter>
    </ClInclude>
    <ClInclude Include="source\sdk\steam_src\isteamgameserverstats.h">
      <Filter>Header Files</Filter>
    </ClInclude>
    <ClInclude Include="source\sdk\steam_src\isteamhtmlsurface.h">
      <Filter>Header Files</Filter>
    </ClInclude>
    <ClInclude Include="source\sdk\steam_src\isteamhttp.h">
      <Filter>Header Files</Filter>
    </ClInclude>
    <ClInclude Include="source\sdk\steam_src\isteaminput.h">
      <Filter>Header Files</Filter>
    </ClInclude>
    <ClInclude Include="source\sdk\steam_src\isteaminventory.h">
      <Filter>Header Files</Filter>
    </ClInclude>
    <ClInclude Include="source\sdk\steam_src\isteammatchmaking.h">
      <Filter>Header Files</Filter>
    </ClInclude>
    <ClInclude Include="source\sdk\steam_src\isteammusic.h">
      <Filter>Header Files</Filter>
    </ClInclude>
    <ClInclude Include="source\sdk\steam_src\isteammusicremote.h">
      <Filter>Header Files</Filter>
    </ClInclude>
    <ClInclude Include="source\sdk\steam_src\isteamnetworking.h">
      <Filter>Header Files</Filter>
    </ClInclude>
    <ClInclude Include="source\sdk\steam_src\isteamnetworkingmessages.h">
      <Filter>Header Files</Filter>
    </ClInclude>
    <ClInclude Include="source\sdk\steam_src\isteamnetworkingsockets.h">
      <Filter>Header Files</Filter>
    </ClInclude>
    <ClInclude Include="source\sdk\steam_src\isteamnetworkingutils.h">
      <Filter>Header Files</Filter>
    </ClInclude>
    <ClInclude Include="source\sdk\steam_src\isteamparentalsettings.h">
      <Filter>Header Files</Filter>
    </ClInclude>
    <ClInclude Include="source\sdk\steam_src\isteamps3overlayrenderer.h">
      <Filter>Header Files</Filter>
    </ClInclude>
    <ClInclude Include="source\sdk\steam_src\isteamremoteplay.h">
      <Filter>Header Files</Filter>
    </ClInclude>
    <ClInclude Include="source\sdk\steam_src\isteamremotestorage.h">
      <Filter>Header Files</Filter>
    </ClInclude>
    <ClInclude Include="source\sdk\steam_src\isteamscreenshots.h">
      <Filter>Header Files</Filter>
    </ClInclude>
    <ClInclude Include="source\sdk\steam_src\isteamugc.h">
      <Filter>Header Files</Filter>
    </ClInclude>
    <ClInclude Include="source\sdk\steam_src\isteamuser.h">
      <Filter>Header Files</Filter>
    </ClInclude>
    <ClInclude Include="source\sdk\steam_src\isteamuserstats.h">
      <Filter>Header Files</Filter>
    </ClInclude>
    <ClInclude Include="source\sdk\steam_src\isteamutils.h">
      <Filter>Header Files</Filter>
    </ClInclude>
    <ClInclude Include="source\sdk\steam_src\isteamvideo.h">
      <Filter>Header Files</Filter>
    </ClInclude>
    <ClInclude Include="source\sdk\steam_src\matchmakingtypes.h">
      <Filter>Header Files</Filter>
    </ClInclude>
    <ClInclude Include="source\sdk\steam_src\steam_api.h">
      <Filter>Header Files</Filter>
    </ClInclude>
    <ClInclude Include="source\sdk\steam_src\steam_api_common.h">
      <Filter>Header Files</Filter>
    </ClInclude>
    <ClInclude Include="source\sdk\steam_src\steam_api_flat.h">
      <Filter>Header Files</Filter>
    </ClInclude>
    <ClInclude Include="source\sdk\steam_src\steam_api_internal.h">
      <Filter>Header Files</Filter>
    </ClInclude>
    <ClInclude Include="source\sdk\steam_src\steam_gameserver.h">
      <Filter>Header Files</Filter>
    </ClInclude>
    <ClInclude Include="source\sdk\steam_src\steamclientpublic.h">
      <Filter>Header Files</Filter>
    </ClInclude>
    <ClInclude Include="source\sdk\steam_src\steamencryptedappticket.h">
      <Filter>Header Files</Filter>
    </ClInclude>
    <ClInclude Include="source\sdk\steam_src\steamhttpenums.h">
      <Filter>Header Files</Filter>
    </ClInclude>
    <ClInclude Include="source\sdk\steam_src\steamnetworkingfakeip.h">
      <Filter>Header Files</Filter>
    </ClInclude>
    <ClInclude Include="source\sdk\steam_src\steamnetworkingtypes.h">
      <Filter>Header Files</Filter>
    </ClInclude>
    <ClInclude Include="source\sdk\steam_src\steamps3params.h">
      <Filter>Header Files</Filter>
    </ClInclude>
    <ClInclude Include="source\sdk\steam_src\steamtypes.h">
      <Filter>Header Files</Filter>
    </ClInclude>
    <ClInclude Include="source\sdk\steam_src\steamuniverse.h">
      <Filter>Header Files</Filter>
    </ClInclude>
    <ClInclude Include="source\sdk\interfaces\interfaces.h">
      <Filter>Header Files</Filter>
    </ClInclude>
    <ClInclude Include="source\sdk\sdk.h">
      <Filter>Header Files</Filter>
    </ClInclude>
    <ClInclude Include="source\sdk\hl2_src\hl2_src.h">
      <Filter>Header Files</Filter>
    </ClInclude>
    <ClInclude Include="source\sdk\sigs\sigs.h">
      <Filter>Header Files</Filter>
    </ClInclude>
    <ClInclude Include="source\sdk\hl2_src\baseclient\baseclient.h">
      <Filter>Header Files</Filter>
    </ClInclude>
    <ClInclude Include="source\sdk\incs\dt_recv.h">
      <Filter>Header Files</Filter>
    </ClInclude>
    <ClInclude Include="source\sdk\incs\dt_common.h">
      <Filter>Header Files</Filter>
    </ClInclude>
    <ClInclude Include="source\sdk\incs\enums.h">
      <Filter>Header Files</Filter>
    </ClInclude>
    <ClInclude Include="source\sdk\incs\structs.h">
      <Filter>Header Files</Filter>
    </ClInclude>
    <ClInclude Include="source\sdk\incs\incs.h">
      <Filter>Header Files</Filter>
    </ClInclude>
    <ClInclude Include="source\sdk\incs\world.h">
      <Filter>Header Files</Filter>
    </ClInclude>
    <ClInclude Include="source\sdk\incs\bitbuf.h">
      <Filter>Header Files</Filter>
    </ClInclude>
    <ClInclude Include="source\sdk\incs\classes.h">
      <Filter>Header Files</Filter>
    </ClInclude>
    <ClInclude Include="source\sdk\incs\const.h">
      <Filter>Header Files</Filter>
    </ClInclude>
    <ClInclude Include="source\sdk\incs\math.h">
      <Filter>Header Files</Filter>
    </ClInclude>
    <ClInclude Include="source\utils\vector\vector.h">
      <Filter>Header Files</Filter>
    </ClInclude>
    <ClInclude Include="source\sdk\convar\convar.h">
      <Filter>Header Files</Filter>
    </ClInclude>
    <ClInclude Include="source\sdk\hl2_src\convar\convar.h">
      <Filter>Header Files</Filter>
    </ClInclude>
    <ClInclude Include="source\sdk\hl2_src\appsystem\appsystem.h">
      <Filter>Header Files</Filter>
    </ClInclude>
    <ClInclude Include="source\utils\color\color.h">
      <Filter>Header Files</Filter>
    </ClInclude>
    <ClInclude Include="source\utils\fnv1a\fnv1a.h">
      <Filter>Header Files</Filter>
    </ClInclude>
    <ClInclude Include="source\sdk\hl2_src\globalvars\globalvars.h">
      <Filter>Header Files</Filter>
    </ClInclude>
    <ClInclude Include="source\sdk\detours\menudetour\menudetour.h">
      <Filter>Header Files</Filter>
    </ClInclude>
    <ClInclude Include="source\sdk\detours\detours.h">
      <Filter>Header Files</Filter>
    </ClInclude>
    <ClInclude Include="includes\imgui\imconfig.h">
      <Filter>Header Files</Filter>
    </ClInclude>
    <ClInclude Include="includes\imgui\imgui.h">
      <Filter>Header Files</Filter>
    </ClInclude>
    <ClInclude Include="includes\imgui\imgui_impl_dx9.h">
      <Filter>Header Files</Filter>
    </ClInclude>
    <ClInclude Include="includes\imgui\imgui_impl_dx10.h">
      <Filter>Header Files</Filter>
    </ClInclude>
    <ClInclude Include="includes\imgui\imgui_impl_dx11.h">
      <Filter>Header Files</Filter>
    </ClInclude>
    <ClInclude Include="includes\imgui\imgui_impl_dx12.h">
      <Filter>Header Files</Filter>
    </ClInclude>
    <ClInclude Include="includes\imgui\imgui_impl_win32.h">
      <Filter>Header Files</Filter>
    </ClInclude>
    <ClInclude Include="includes\imgui\imgui_internal.h">
      <Filter>Header Files</Filter>
    </ClInclude>
    <ClInclude Include="includes\imgui\imstb_rectpack.h">
      <Filter>Header Files</Filter>
    </ClInclude>
    <ClInclude Include="includes\imgui\imstb_textedit.h">
      <Filter>Header Files</Filter>
    </ClInclude>
    <ClInclude Include="includes\imgui\imstb_truetype.h">
      <Filter>Header Files</Filter>
    </ClInclude>
    <ClInclude Include="source\features\menu\menu.h">
      <Filter>Header Files</Filter>
    </ClInclude>
    <ClInclude Include="source\features\menu\keyhelper\keyhelper.h">
      <Filter>Header Files</Filter>
    </ClInclude>
    <ClInclude Include="source\features\menu\extra\extra.h">
      <Filter>Header Files</Filter>
    </ClInclude>
    <ClInclude Include="source\sdk\detours\menudetour\wnd_proc.h">
      <Filter>Header Files</Filter>
    </ClInclude>
    <ClInclude Include="source\sdk\hl2_src\input\input.h">
      <Filter>Header Files</Filter>
    </ClInclude>
    <ClInclude Include="source\sdk\hl2_src\engineclient\engineclient.h">
      <Filter>Header Files</Filter>
    </ClInclude>
    <ClInclude Include="source\sdk\globals\globals.h">
      <Filter>Header Files</Filter>
    </ClInclude>
    <ClInclude Include="source\sdk\hl2_src\enginevgui\enginevgui.h">
      <Filter>Header Files</Filter>
    </ClInclude>
    <ClInclude Include="source\sdk\hl2_src\entitylist\entitylist.h">
      <Filter>Header Files</Filter>
    </ClInclude>
    <ClInclude Include="source\sdk\main\baseentity\baseentity.h">
      <Filter>Header Files</Filter>
    </ClInclude>
    <ClInclude Include="source\sdk\hl2_src\panel\panel.h">
      <Filter>Header Files</Filter>
    </ClInclude>
    <ClInclude Include="source\features\menu\ncc_menu\ncc_menu.h">
      <Filter>Header Files</Filter>
    </ClInclude>
    <ClInclude Include="source\sdk\detours\funcdetours\funcdetours.h">
      <Filter>Header Files</Filter>
    </ClInclude>
    <ClInclude Include="source\sdk\hl2_src\clientmode\clientmode.h">
      <Filter>Header Files</Filter>
    </ClInclude>
    <ClInclude Include="source\sdk\main\baseweapon\baseweapon.h">
      <Filter>Header Files</Filter>
    </ClInclude>
    <ClInclude Include="source\sdk\main\main.h">
      <Filter>Header Files</Filter>
    </ClInclude>
    <ClInclude Include="source\features\menu\fonts\fonts.h">
      <Filter>Header Files</Filter>
    </ClInclude>
    <ClInclude Include="source\features\menu\fonts\inc\font.h">
      <Filter>Header Files</Filter>
    </ClInclude>
    <ClInclude Include="source\features\menu\fonts\inc\matfont.h">
      <Filter>Header Files</Filter>
    </ClInclude>
    <ClInclude Include="source\features\menu\utils\utils.h">
      <Filter>Header Files</Filter>
    </ClInclude>
    <ClInclude Include="source\features\menu\fonts\inc\icons.h">
      <Filter>Header Files</Filter>
    </ClInclude>
    <ClInclude Include="source\sdk\detours\funcdetours\input\input.h">
      <Filter>Header Files</Filter>
    </ClInclude>
    <ClInclude Include="source\utils\values\values.h">
      <Filter>Header Files</Filter>
    </ClInclude>
    <ClInclude Include="source\sdk\detours\funcdetours\panel\panel.h">
      <Filter>Header Files</Filter>
    </ClInclude>
    <ClInclude Include="source\features\vars\vars.h">
      <Filter>Header Files</Filter>
    </ClInclude>
    <ClInclude Include="source\sdk\detours\funcdetours\baseclient\baseclient.h">
      <Filter>Header Files</Filter>
    </ClInclude>
    <ClInclude Include="includes\kiero\kiero.h">
      <Filter>Header Files</Filter>
    </ClInclude>
    <ClInclude Include="source\sdk\detours\funcdetours\surface\surface.h">
      <Filter>Header Files</Filter>
    </ClInclude>
    <ClInclude Include="source\sdk\main\baseentity.h">
      <Filter>Header Files</Filter>
    </ClInclude>
    <ClInclude Include="source\features\features.h">
      <Filter>Header Files</Filter>
    </ClInclude>
    <ClInclude Include="source\sdk\detours\funcdetours\engine_vgui\engine_vgui.h">
      <Filter>Header Files</Filter>
    </ClInclude>
    <ClInclude Include="source\sdk\main\renderer.h">
      <Filter>Header Files</Filter>
    </ClInclude>
    <ClInclude Include="source\features\menu\directhook\direct.h">
      <Filter>Header Files</Filter>
    </ClInclude>
    <ClInclude Include="source\features\menu\directhook\global.h">
      <Filter>Header Files</Filter>
    </ClInclude>
    <ClInclude Include="source\features\menu\directhook\types.h">
      <Filter>Header Files</Filter>
    </ClInclude>
    <ClInclude Include="source\features\menu\ncc_menu\helper\helper.h">
      <Filter>Header Files</Filter>
    </ClInclude>
    <ClInclude Include="source\features\menu\ncc_menu\structs\structs.h">
      <Filter>Header Files</Filter>
    </ClInclude>
    <ClInclude Include="source\features\menu\draw\draw.h">
      <Filter>Header Files</Filter>
    </ClInclude>
    <ClInclude Include="source\features\visuals\thirdperson\third_person.h">
      <Filter>Header Files</Filter>
    </ClInclude>
    <ClInclude Include="source\features\visuals\visuals.h">
      <Filter>Header Files</Filter>
    </ClInclude>
    <ClInclude Include="source\features\misc\misc.h">
      <Filter>Header Files</Filter>
    </ClInclude>
    <ClInclude Include="source\sdk\hl2_src\keyvalues\keyvalues.h">
      <Filter>Header Files</Filter>
    </ClInclude>
    <ClInclude Include="source\sdk\detours\funcdetours\player_domed\player_domed.h">
      <Filter>Header Files</Filter>
    </ClInclude>
    <ClInclude Include="source\sdk\detours\funcdetours\net_channel\net_channel.h">
      <Filter>Header Files</Filter>
    </ClInclude>
    <ClInclude Include="source\sdk\detours\funcdetours\engine_client\engine_client.h">
      <Filter>Header Files</Filter>
    </ClInclude>
    <ClInclude Include="source\sdk\hl2_src\uniform_stream\uniform_stream.h">
      <Filter>Header Files</Filter>
    </ClInclude>
    <ClInclude Include="source\sdk\detours\funcdetours\stream\stream.h">
      <Filter>Header Files</Filter>
    </ClInclude>
    <ClInclude Include="source\sdk\hl2_src\keyvaluesystem\keyvaluesystem.h">
      <Filter>Header Files</Filter>
    </ClInclude>
    <ClInclude Include="source\sdk\hl2_src\clientshared\clientshared.h">
      <Filter>Header Files</Filter>
    </ClInclude>
    <ClInclude Include="source\sdk\hl2_src\prediction\prediction.h">
      <Filter>Header Files</Filter>
    </ClInclude>
    <ClInclude Include="source\sdk\hl2_src\movement\movement.h">
      <Filter>Header Files</Filter>
    </ClInclude>
    <ClInclude Include="source\sdk\detours\funcdetours\clientmodeshared\clientmodeshared.h">
      <Filter>Header Files</Filter>
    </ClInclude>
    <ClInclude Include="source\sdk\detours\funcdetours\cl_main\cl_main.h">
      <Filter>Header Files</Filter>
    </ClInclude>
  </ItemGroup>
  <ItemGroup>
    <ClCompile Include="includes\minhook\src\hde\hde32.c">
      <Filter>Source Files</Filter>
    </ClCompile>
    <ClCompile Include="includes\minhook\src\hde\hde64.c">
      <Filter>Source Files</Filter>
    </ClCompile>
    <ClCompile Include="includes\minhook\src\buffer.c">
      <Filter>Source Files</Filter>
    </ClCompile>
    <ClCompile Include="includes\minhook\src\hook.c">
      <Filter>Source Files</Filter>
    </ClCompile>
    <ClCompile Include="includes\minhook\src\trampoline.c">
      <Filter>Source Files</Filter>
    </ClCompile>
    <ClCompile Include="dllmain.cpp">
      <Filter>Source Files</Filter>
    </ClCompile>
    <ClCompile Include="source\sdk\incs\dt_recv_redef.h">
      <Filter>Source Files</Filter>
    </ClCompile>
    <ClCompile Include="includes\imgui\imgui.cpp">
      <Filter>Source Files</Filter>
    </ClCompile>
    <ClCompile Include="includes\imgui\imgui_demo.cpp">
      <Filter>Source Files</Filter>
    </ClCompile>
    <ClCompile Include="includes\imgui\imgui_draw.cpp">
      <Filter>Source Files</Filter>
    </ClCompile>
    <ClCompile Include="includes\imgui\imgui_impl_dx9.cpp">
      <Filter>Source Files</Filter>
    </ClCompile>
    <ClCompile Include="includes\imgui\imgui_impl_dx10.cpp">
      <Filter>Source Files</Filter>
    </ClCompile>
    <ClCompile Include="includes\imgui\imgui_impl_dx11.cpp">
      <Filter>Source Files</Filter>
    </ClCompile>
    <ClCompile Include="includes\imgui\imgui_impl_dx12.cpp">
      <Filter>Source Files</Filter>
    </ClCompile>
    <ClCompile Include="includes\imgui\imgui_impl_win32.cpp">
      <Filter>Source Files</Filter>
    </ClCompile>
    <ClCompile Include="includes\imgui\imgui_tables.cpp">
      <Filter>Source Files</Filter>
    </ClCompile>
    <ClCompile Include="includes\imgui\imgui_widgets.cpp">
      <Filter>Source Files</Filter>
    </ClCompile>
    <ClCompile Include="includes\kiero\kiero.cpp">
      <Filter>Source Files</Filter>
    </ClCompile>
  </ItemGroup>
  <ItemGroup>
    <MASM Include="includes\spoofer\spoofer.asm">
      <Filter>Source Files</Filter>
    </MASM>
  </ItemGroup>
</Project>